
Microsoft Visual Studio Solution File, Format Version 12.00
# Visual Studio Version 17
VisualStudioVersion = 17.0.31903.59
MinimumVisualStudioVersion = 10.0.40219.1
Project("{2150E333-8FDC-42A3-9474-1A3956D46DE8}") = "src", "src", "{4004523E-98C5-44EC-BA8A-480851AFF928}"
EndProject
Project("{2150E333-8FDC-42A3-9474-1A3956D46DE8}") = "Common", "Common", "{ABCFCEED-6BEA-466E-9816-E7EFDCD3D763}"
EndProject
Project("{FAE04EC0-301F-11D3-BF4B-00C04F79EFBC}") = "SolutionTemplate.Domain", "src\Common\SolutionTemplate.Domain\SolutionTemplate.Domain.csproj", "{898AB495-75B1-469C-89CE-A68CEB22158F}"
EndProject
Project("{FAE04EC0-301F-11D3-BF4B-00C04F79EFBC}") = "SolutionTemplate.Domain.Base", "src\Common\SolutionTemplate.Domain.Base\SolutionTemplate.Domain.Base.csproj", "{854F6076-9DE0-4CC2-8C88-444663249CA1}"
EndProject
Project("{2150E333-8FDC-42A3-9474-1A3956D46DE8}") = "Data", "Data", "{317FBD41-1B99-48BC-B2EB-10EB90E7117C}"
EndProject
Project("{FAE04EC0-301F-11D3-BF4B-00C04F79EFBC}") = "SolutionTemplate.DAL", "src\Data\SolutionTemplate.DAL\SolutionTemplate.DAL.csproj", "{2CE39142-CE0E-47EB-9B9B-30BF4F074377}"
EndProject
Project("{FAE04EC0-301F-11D3-BF4B-00C04F79EFBC}") = "SolutionTemplate.DAL.Entities", "src\Data\SolutionTemplate.DAL.Entities\SolutionTemplate.DAL.Entities.csproj", "{8A101D95-FFC9-4A9F-B2D0-B629C1EC298F}"
EndProject
Project("{FAE04EC0-301F-11D3-BF4B-00C04F79EFBC}") = "SolutionTemplate.DAL.Sqlite", "src\Data\SolutionTemplate.DAL.Sqlite\SolutionTemplate.DAL.Sqlite.csproj", "{3FD94474-11C7-4858-BAEE-6A30CB8C78D0}"
EndProject
Project("{FAE04EC0-301F-11D3-BF4B-00C04F79EFBC}") = "SolutionTemplate.DAL.SqlServer", "src\Data\SolutionTemplate.DAL.SqlServer\SolutionTemplate.DAL.SqlServer.csproj", "{CB933533-1781-434B-B325-984185E1F6BA}"
EndProject
Project("{2150E333-8FDC-42A3-9474-1A3956D46DE8}") = "Services", "Services", "{71DD1021-A848-497C-AD5E-49736ADBB4A6}"
EndProject
Project("{FAE04EC0-301F-11D3-BF4B-00C04F79EFBC}") = "SolutionTemplate.Interfaces", "src\Services\SolutionTemplate.Interfaces\SolutionTemplate.Interfaces.csproj", "{A4021024-1270-4C00-B897-10FEC9C569FF}"
EndProject
Project("{FAE04EC0-301F-11D3-BF4B-00C04F79EFBC}") = "SolutionTemplate.Interfaces.Base", "src\Services\SolutionTemplate.Interfaces.Base\SolutionTemplate.Interfaces.Base.csproj", "{F915F834-0249-4D48-B5F3-2DB965D5A790}"
EndProject
Project("{FAE04EC0-301F-11D3-BF4B-00C04F79EFBC}") = "SolutionTemplate.Services", "src\Services\SolutionTemplate.Services\SolutionTemplate.Services.csproj", "{4EE288F2-A57A-4374-BC3C-5CB7F248D862}"
EndProject
Project("{2150E333-8FDC-42A3-9474-1A3956D46DE8}") = "UI", "UI", "{900F2B53-6B3E-454F-9BFD-C7BE692AFB1F}"
EndProject
Project("{2150E333-8FDC-42A3-9474-1A3956D46DE8}") = "test", "test", "{5E587AAF-39F4-431B-B9C9-A90425531D56}"
EndProject
Project("{2150E333-8FDC-42A3-9474-1A3956D46DE8}") = "Common", "Common", "{171A74F5-A8FB-4A6C-A950-CBE47718C243}"
EndProject
Project("{FAE04EC0-301F-11D3-BF4B-00C04F79EFBC}") = "SolutionTemplate.Domain.Base.Tests", "test\Common\SolutionTemplate.Domain.Base.Tests\SolutionTemplate.Domain.Base.Tests.csproj", "{17810EC9-2C62-4B46-B35A-D976E837AA01}"
EndProject
Project("{FAE04EC0-301F-11D3-BF4B-00C04F79EFBC}") = "SolutionTemplate.Domain.Tests", "test\Common\SolutionTemplate.Domain.Tests\SolutionTemplate.Domain.Tests.csproj", "{A4DD0D3B-F2EC-43A8-BE5E-087F2ECEABDF}"
EndProject
Project("{2150E333-8FDC-42A3-9474-1A3956D46DE8}") = "Services", "Services", "{9E0EC9BE-482E-4B18-A342-4DEC509AF4FC}"
EndProject
Project("{FAE04EC0-301F-11D3-BF4B-00C04F79EFBC}") = "SolutionTemplate.Interfaces.Base.Tests", "test\Services\SolutionTemplate.Interfaces.Base.Tests\SolutionTemplate.Interfaces.Base.Tests.csproj", "{0B5F9587-72D4-40A0-B13A-464F6CA9C632}"
EndProject
Project("{FAE04EC0-301F-11D3-BF4B-00C04F79EFBC}") = "SolutionTemplate.Interfaces.Tests", "test\Services\SolutionTemplate.Interfaces.Tests\SolutionTemplate.Interfaces.Tests.csproj", "{3B2696A4-392C-4B9F-A4C4-775209E0D8E5}"
EndProject
Project("{FAE04EC0-301F-11D3-BF4B-00C04F79EFBC}") = "SolutionTemplate.Services.Tests", "test\Services\SolutionTemplate.Services.Tests\SolutionTemplate.Services.Tests.csproj", "{40A8D9ED-537F-4C60-B0E2-99E70012A6F9}"
EndProject
Project("{FAE04EC0-301F-11D3-BF4B-00C04F79EFBC}") = "SolutionTemplate.TestConsole", "test\SolutionTemplate.TestConsole\SolutionTemplate.TestConsole.csproj", "{06978F84-157B-471B-AED3-B1FE4527B65C}"
EndProject
Project("{FAE04EC0-301F-11D3-BF4B-00C04F79EFBC}") = "SolutionTemplate.TestWPF", "test\SolutionTemplate.TestWPF\SolutionTemplate.TestWPF.csproj", "{761EA8C9-AF22-46AB-A748-FA804D7401B4}"
EndProject
Project("{FAE04EC0-301F-11D3-BF4B-00C04F79EFBC}") = "SolutionTemplate.MVC", "src\UI\SolutionTemplate.MVC\SolutionTemplate.MVC.csproj", "{66A8EB16-ABB6-48EC-9FA6-ADF74ECB65AA}"
EndProject
Project("{FAE04EC0-301F-11D3-BF4B-00C04F79EFBC}") = "SolutionTemplate.DAL.MySQL", "src\Data\SolutionTemplate.DAL.MySQL\SolutionTemplate.DAL.MySQL.csproj", "{E5D794C5-760C-495C-867F-C9CB2E4AF585}"
EndProject
Global
	GlobalSection(SolutionConfigurationPlatforms) = preSolution
		Debug|Any CPU = Debug|Any CPU
		Release|Any CPU = Release|Any CPU
	EndGlobalSection
	GlobalSection(ProjectConfigurationPlatforms) = postSolution
		{898AB495-75B1-469C-89CE-A68CEB22158F}.Debug|Any CPU.ActiveCfg = Debug|Any CPU
		{898AB495-75B1-469C-89CE-A68CEB22158F}.Debug|Any CPU.Build.0 = Debug|Any CPU
		{898AB495-75B1-469C-89CE-A68CEB22158F}.Release|Any CPU.ActiveCfg = Release|Any CPU
		{898AB495-75B1-469C-89CE-A68CEB22158F}.Release|Any CPU.Build.0 = Release|Any CPU
		{854F6076-9DE0-4CC2-8C88-444663249CA1}.Debug|Any CPU.ActiveCfg = Debug|Any CPU
		{854F6076-9DE0-4CC2-8C88-444663249CA1}.Debug|Any CPU.Build.0 = Debug|Any CPU
		{854F6076-9DE0-4CC2-8C88-444663249CA1}.Release|Any CPU.ActiveCfg = Release|Any CPU
		{854F6076-9DE0-4CC2-8C88-444663249CA1}.Release|Any CPU.Build.0 = Release|Any CPU
		{2CE39142-CE0E-47EB-9B9B-30BF4F074377}.Debug|Any CPU.ActiveCfg = Debug|Any CPU
		{2CE39142-CE0E-47EB-9B9B-30BF4F074377}.Debug|Any CPU.Build.0 = Debug|Any CPU
		{2CE39142-CE0E-47EB-9B9B-30BF4F074377}.Release|Any CPU.ActiveCfg = Release|Any CPU
		{2CE39142-CE0E-47EB-9B9B-30BF4F074377}.Release|Any CPU.Build.0 = Release|Any CPU
		{8A101D95-FFC9-4A9F-B2D0-B629C1EC298F}.Debug|Any CPU.ActiveCfg = Debug|Any CPU
		{8A101D95-FFC9-4A9F-B2D0-B629C1EC298F}.Debug|Any CPU.Build.0 = Debug|Any CPU
		{8A101D95-FFC9-4A9F-B2D0-B629C1EC298F}.Release|Any CPU.ActiveCfg = Release|Any CPU
		{8A101D95-FFC9-4A9F-B2D0-B629C1EC298F}.Release|Any CPU.Build.0 = Release|Any CPU
		{3FD94474-11C7-4858-BAEE-6A30CB8C78D0}.Debug|Any CPU.ActiveCfg = Debug|Any CPU
		{3FD94474-11C7-4858-BAEE-6A30CB8C78D0}.Debug|Any CPU.Build.0 = Debug|Any CPU
		{3FD94474-11C7-4858-BAEE-6A30CB8C78D0}.Release|Any CPU.ActiveCfg = Release|Any CPU
		{3FD94474-11C7-4858-BAEE-6A30CB8C78D0}.Release|Any CPU.Build.0 = Release|Any CPU
		{CB933533-1781-434B-B325-984185E1F6BA}.Debug|Any CPU.ActiveCfg = Debug|Any CPU
		{CB933533-1781-434B-B325-984185E1F6BA}.Debug|Any CPU.Build.0 = Debug|Any CPU
		{CB933533-1781-434B-B325-984185E1F6BA}.Release|Any CPU.ActiveCfg = Release|Any CPU
		{CB933533-1781-434B-B325-984185E1F6BA}.Release|Any CPU.Build.0 = Release|Any CPU
		{A4021024-1270-4C00-B897-10FEC9C569FF}.Debug|Any CPU.ActiveCfg = Debug|Any CPU
		{A4021024-1270-4C00-B897-10FEC9C569FF}.Debug|Any CPU.Build.0 = Debug|Any CPU
		{A4021024-1270-4C00-B897-10FEC9C569FF}.Release|Any CPU.ActiveCfg = Release|Any CPU
		{A4021024-1270-4C00-B897-10FEC9C569FF}.Release|Any CPU.Build.0 = Release|Any CPU
		{F915F834-0249-4D48-B5F3-2DB965D5A790}.Debug|Any CPU.ActiveCfg = Debug|Any CPU
		{F915F834-0249-4D48-B5F3-2DB965D5A790}.Debug|Any CPU.Build.0 = Debug|Any CPU
		{F915F834-0249-4D48-B5F3-2DB965D5A790}.Release|Any CPU.ActiveCfg = Release|Any CPU
		{F915F834-0249-4D48-B5F3-2DB965D5A790}.Release|Any CPU.Build.0 = Release|Any CPU
		{4EE288F2-A57A-4374-BC3C-5CB7F248D862}.Debug|Any CPU.ActiveCfg = Debug|Any CPU
		{4EE288F2-A57A-4374-BC3C-5CB7F248D862}.Debug|Any CPU.Build.0 = Debug|Any CPU
		{4EE288F2-A57A-4374-BC3C-5CB7F248D862}.Release|Any CPU.ActiveCfg = Release|Any CPU
		{4EE288F2-A57A-4374-BC3C-5CB7F248D862}.Release|Any CPU.Build.0 = Release|Any CPU
		{17810EC9-2C62-4B46-B35A-D976E837AA01}.Debug|Any CPU.ActiveCfg = Debug|Any CPU
		{17810EC9-2C62-4B46-B35A-D976E837AA01}.Debug|Any CPU.Build.0 = Debug|Any CPU
		{17810EC9-2C62-4B46-B35A-D976E837AA01}.Release|Any CPU.ActiveCfg = Release|Any CPU
		{17810EC9-2C62-4B46-B35A-D976E837AA01}.Release|Any CPU.Build.0 = Release|Any CPU
		{A4DD0D3B-F2EC-43A8-BE5E-087F2ECEABDF}.Debug|Any CPU.ActiveCfg = Debug|Any CPU
		{A4DD0D3B-F2EC-43A8-BE5E-087F2ECEABDF}.Debug|Any CPU.Build.0 = Debug|Any CPU
		{A4DD0D3B-F2EC-43A8-BE5E-087F2ECEABDF}.Release|Any CPU.ActiveCfg = Release|Any CPU
		{A4DD0D3B-F2EC-43A8-BE5E-087F2ECEABDF}.Release|Any CPU.Build.0 = Release|Any CPU
		{0B5F9587-72D4-40A0-B13A-464F6CA9C632}.Debug|Any CPU.ActiveCfg = Debug|Any CPU
		{0B5F9587-72D4-40A0-B13A-464F6CA9C632}.Debug|Any CPU.Build.0 = Debug|Any CPU
		{0B5F9587-72D4-40A0-B13A-464F6CA9C632}.Release|Any CPU.ActiveCfg = Release|Any CPU
		{0B5F9587-72D4-40A0-B13A-464F6CA9C632}.Release|Any CPU.Build.0 = Release|Any CPU
		{3B2696A4-392C-4B9F-A4C4-775209E0D8E5}.Debug|Any CPU.ActiveCfg = Debug|Any CPU
		{3B2696A4-392C-4B9F-A4C4-775209E0D8E5}.Debug|Any CPU.Build.0 = Debug|Any CPU
		{3B2696A4-392C-4B9F-A4C4-775209E0D8E5}.Release|Any CPU.ActiveCfg = Release|Any CPU
		{3B2696A4-392C-4B9F-A4C4-775209E0D8E5}.Release|Any CPU.Build.0 = Release|Any CPU
		{40A8D9ED-537F-4C60-B0E2-99E70012A6F9}.Debug|Any CPU.ActiveCfg = Debug|Any CPU
		{40A8D9ED-537F-4C60-B0E2-99E70012A6F9}.Debug|Any CPU.Build.0 = Debug|Any CPU
		{40A8D9ED-537F-4C60-B0E2-99E70012A6F9}.Release|Any CPU.ActiveCfg = Release|Any CPU
		{40A8D9ED-537F-4C60-B0E2-99E70012A6F9}.Release|Any CPU.Build.0 = Release|Any CPU
		{06978F84-157B-471B-AED3-B1FE4527B65C}.Debug|Any CPU.ActiveCfg = Debug|Any CPU
		{06978F84-157B-471B-AED3-B1FE4527B65C}.Debug|Any CPU.Build.0 = Debug|Any CPU
		{06978F84-157B-471B-AED3-B1FE4527B65C}.Release|Any CPU.ActiveCfg = Release|Any CPU
		{06978F84-157B-471B-AED3-B1FE4527B65C}.Release|Any CPU.Build.0 = Release|Any CPU
		{761EA8C9-AF22-46AB-A748-FA804D7401B4}.Debug|Any CPU.ActiveCfg = Debug|Any CPU
		{761EA8C9-AF22-46AB-A748-FA804D7401B4}.Debug|Any CPU.Build.0 = Debug|Any CPU
		{761EA8C9-AF22-46AB-A748-FA804D7401B4}.Release|Any CPU.ActiveCfg = Release|Any CPU
		{761EA8C9-AF22-46AB-A748-FA804D7401B4}.Release|Any CPU.Build.0 = Release|Any CPU
		{66A8EB16-ABB6-48EC-9FA6-ADF74ECB65AA}.Debug|Any CPU.ActiveCfg = Debug|Any CPU
		{66A8EB16-ABB6-48EC-9FA6-ADF74ECB65AA}.Debug|Any CPU.Build.0 = Debug|Any CPU
		{66A8EB16-ABB6-48EC-9FA6-ADF74ECB65AA}.Release|Any CPU.ActiveCfg = Release|Any CPU
		{66A8EB16-ABB6-48EC-9FA6-ADF74ECB65AA}.Release|Any CPU.Build.0 = Release|Any CPU
		{E5D794C5-760C-495C-867F-C9CB2E4AF585}.Debug|Any CPU.ActiveCfg = Debug|Any CPU
		{E5D794C5-760C-495C-867F-C9CB2E4AF585}.Debug|Any CPU.Build.0 = Debug|Any CPU
		{E5D794C5-760C-495C-867F-C9CB2E4AF585}.Release|Any CPU.ActiveCfg = Release|Any CPU
		{E5D794C5-760C-495C-867F-C9CB2E4AF585}.Release|Any CPU.Build.0 = Release|Any CPU
	EndGlobalSection
	GlobalSection(SolutionProperties) = preSolution
		HideSolutionNode = FALSE
	EndGlobalSection
	GlobalSection(NestedProjects) = preSolution
		{ABCFCEED-6BEA-466E-9816-E7EFDCD3D763} = {4004523E-98C5-44EC-BA8A-480851AFF928}
		{898AB495-75B1-469C-89CE-A68CEB22158F} = {ABCFCEED-6BEA-466E-9816-E7EFDCD3D763}
		{854F6076-9DE0-4CC2-8C88-444663249CA1} = {ABCFCEED-6BEA-466E-9816-E7EFDCD3D763}
		{317FBD41-1B99-48BC-B2EB-10EB90E7117C} = {4004523E-98C5-44EC-BA8A-480851AFF928}
		{2CE39142-CE0E-47EB-9B9B-30BF4F074377} = {317FBD41-1B99-48BC-B2EB-10EB90E7117C}
		{8A101D95-FFC9-4A9F-B2D0-B629C1EC298F} = {317FBD41-1B99-48BC-B2EB-10EB90E7117C}
		{3FD94474-11C7-4858-BAEE-6A30CB8C78D0} = {317FBD41-1B99-48BC-B2EB-10EB90E7117C}
		{CB933533-1781-434B-B325-984185E1F6BA} = {317FBD41-1B99-48BC-B2EB-10EB90E7117C}
		{71DD1021-A848-497C-AD5E-49736ADBB4A6} = {4004523E-98C5-44EC-BA8A-480851AFF928}
		{A4021024-1270-4C00-B897-10FEC9C569FF} = {71DD1021-A848-497C-AD5E-49736ADBB4A6}
		{F915F834-0249-4D48-B5F3-2DB965D5A790} = {71DD1021-A848-497C-AD5E-49736ADBB4A6}
		{4EE288F2-A57A-4374-BC3C-5CB7F248D862} = {71DD1021-A848-497C-AD5E-49736ADBB4A6}
		{900F2B53-6B3E-454F-9BFD-C7BE692AFB1F} = {4004523E-98C5-44EC-BA8A-480851AFF928}
		{171A74F5-A8FB-4A6C-A950-CBE47718C243} = {5E587AAF-39F4-431B-B9C9-A90425531D56}
		{17810EC9-2C62-4B46-B35A-D976E837AA01} = {171A74F5-A8FB-4A6C-A950-CBE47718C243}
		{A4DD0D3B-F2EC-43A8-BE5E-087F2ECEABDF} = {171A74F5-A8FB-4A6C-A950-CBE47718C243}
		{9E0EC9BE-482E-4B18-A342-4DEC509AF4FC} = {5E587AAF-39F4-431B-B9C9-A90425531D56}
		{0B5F9587-72D4-40A0-B13A-464F6CA9C632} = {9E0EC9BE-482E-4B18-A342-4DEC509AF4FC}
		{3B2696A4-392C-4B9F-A4C4-775209E0D8E5} = {9E0EC9BE-482E-4B18-A342-4DEC509AF4FC}
		{40A8D9ED-537F-4C60-B0E2-99E70012A6F9} = {9E0EC9BE-482E-4B18-A342-4DEC509AF4FC}
		{06978F84-157B-471B-AED3-B1FE4527B65C} = {5E587AAF-39F4-431B-B9C9-A90425531D56}
		{761EA8C9-AF22-46AB-A748-FA804D7401B4} = {5E587AAF-39F4-431B-B9C9-A90425531D56}
		{66A8EB16-ABB6-48EC-9FA6-ADF74ECB65AA} = {900F2B53-6B3E-454F-9BFD-C7BE692AFB1F}
		{E5D794C5-760C-495C-867F-C9CB2E4AF585} = {317FBD41-1B99-48BC-B2EB-10EB90E7117C}
	EndGlobalSection
	GlobalSection(ExtensibilityGlobals) = postSolution
		SolutionGuid = {146E35E1-6600-46DE-A606-E231502F07AB}
	EndGlobalSection
EndGlobal
